
Microsoft Visual Studio Solution File, Format Version 11.00
# Visual Studio 2010
Project("{8BC9CEB8-8B4A-11D0-8D11-00A0C91BC942}") = "HmgSkin", "HmgSkin\HmgSkin\HmgSkin.vcxproj", "{53ADF471-A7E4-41FD-B1D9-2575B0D6E466}"
EndProject
Project("{8BC9CEB8-8B4A-11D0-8D11-00A0C91BC942}") = "HmgSkinRes", "HmgSkin\HmgSkinRes\HmgSkinRes.vcxproj", "{91BFA851-8DC8-4673-8CA5-BBCC541FBB44}"
EndProject
Project("{8BC9CEB8-8B4A-11D0-8D11-00A0C91BC942}") = "Mini139_res", "Mini_Client\Mini139_res\Mini139_res.vcxproj", "{40524EE9-E645-428E-B187-46104DD2F67A}"
EndProject
Project("{8BC9CEB8-8B4A-11D0-8D11-00A0C91BC942}") = "Mini139_src", "Mini_Client\Mini139_Src\IMClient_seller_online.vcxproj", "{78212BB0-1D25-44CA-9517-365F72243225}"
	ProjectSection(ProjectDependencies) = postProject
		{53ADF471-A7E4-41FD-B1D9-2575B0D6E466} = {53ADF471-A7E4-41FD-B1D9-2575B0D6E466}
		{40524EE9-E645-428E-B187-46104DD2F67A} = {40524EE9-E645-428E-B187-46104DD2F67A}
	EndProjectSection
EndProject
Project("{8BC9CEB8-8B4A-11D0-8D11-00A0C91BC942}") = "DuiLib", "DuiLib\DuiLib.vcxproj", "{E106ACD7-4E53-4AEE-942B-D0DD426DB34E}"
EndProject
Project("{8BC9CEB8-8B4A-11D0-8D11-00A0C91BC942}") = "MiniNetTrans", "Mini_Client\MININETTRANS\MiniNetTrans.vcxproj", "{96CAAE28-E968-4D8F-8B49-731FD417C500}"
EndProject
Project("{8BC9CEB8-8B4A-11D0-8D11-00A0C91BC942}") = "libcef_dll_wrapper", "libcef_dll_wrapper\libcef_dll_wrapper.vcxproj", "{A9D6DC71-C0DC-4549-AEA0-3B15B44E86A9}"
EndProject
Project("{8BC9CEB8-8B4A-11D0-8D11-00A0C91BC942}") = "OleLinkInfo", "OleLinkInfo\OleLinkInfo.vcxproj", "{0F78E05A-97F4-4628-AF19-7D68090529A2}"
EndProject
Project("{8BC9CEB8-8B4A-11D0-8D11-00A0C91BC942}") = "coolsb", "HmgSkin\HmgSkin\srccsb\coolsb.vcxproj", "{5BBB2276-C834-2D4E-DECB-A4D79EE87C79}"
EndProject
Global
	GlobalSection(SolutionConfigurationPlatforms) = preSolution
		Debug_Business|Win32 = Debug_Business|Win32
		Debug_Business|x64 = Debug_Business|x64
		Debug|Win32 = Debug|Win32
		Debug|x64 = Debug|x64
		Release_Business|Win32 = Release_Business|Win32
		Release_Business|x64 = Release_Business|x64
		Release|Win32 = Release|Win32
		Release|x64 = Release|x64
		Template|Win32 = Template|Win32
		Template|x64 = Template|x64
		UnicodeDebug|Win32 = UnicodeDebug|Win32
		UnicodeDebug|x64 = UnicodeDebug|x64
		UnicodeRelease|Win32 = UnicodeRelease|Win32
		UnicodeRelease|x64 = UnicodeRelease|x64
	EndGlobalSection
	GlobalSection(ProjectConfigurationPlatforms) = postSolution
		{53ADF471-A7E4-41FD-B1D9-2575B0D6E466}.Debug_Business|Win32.ActiveCfg = Debug_Business|Win32
		{53ADF471-A7E4-41FD-B1D9-2575B0D6E466}.Debug_Business|Win32.Build.0 = Debug_Business|Win32
		{53ADF471-A7E4-41FD-B1D9-2575B0D6E466}.Debug_Business|x64.ActiveCfg = Debug_Business|Win32
		{53ADF471-A7E4-41FD-B1D9-2575B0D6E466}.Debug|Win32.ActiveCfg = Debug|Win32
		{53ADF471-A7E4-41FD-B1D9-2575B0D6E466}.Debug|x64.ActiveCfg = Debug|Win32
		{53ADF471-A7E4-41FD-B1D9-2575B0D6E466}.Release_Business|Win32.ActiveCfg = Release_Business|Win32
		{53ADF471-A7E4-41FD-B1D9-2575B0D6E466}.Release_Business|Win32.Build.0 = Release_Business|Win32
		{53ADF471-A7E4-41FD-B1D9-2575B0D6E466}.Release_Business|x64.ActiveCfg = Release_Business|Win32
		{53ADF471-A7E4-41FD-B1D9-2575B0D6E466}.Release|Win32.ActiveCfg = Release|Win32
		{53ADF471-A7E4-41FD-B1D9-2575B0D6E466}.Release|Win32.Build.0 = Release|Win32
		{53ADF471-A7E4-41FD-B1D9-2575B0D6E466}.Release|x64.ActiveCfg = Release|Win32
		{53ADF471-A7E4-41FD-B1D9-2575B0D6E466}.Template|Win32.ActiveCfg = Release|Win32
		{53ADF471-A7E4-41FD-B1D9-2575B0D6E466}.Template|Win32.Build.0 = Release|Win32
		{53ADF471-A7E4-41FD-B1D9-2575B0D6E466}.Template|x64.ActiveCfg = Release|Win32
		{53ADF471-A7E4-41FD-B1D9-2575B0D6E466}.UnicodeDebug|Win32.ActiveCfg = Debug|Win32
		{53ADF471-A7E4-41FD-B1D9-2575B0D6E466}.UnicodeDebug|Win32.Build.0 = Debug|Win32
		{53ADF471-A7E4-41FD-B1D9-2575B0D6E466}.UnicodeDebug|x64.ActiveCfg = Debug|Win32
		{53ADF471-A7E4-41FD-B1D9-2575B0D6E466}.UnicodeRelease|Win32.ActiveCfg = Release|Win32
		{53ADF471-A7E4-41FD-B1D9-2575B0D6E466}.UnicodeRelease|Win32.Build.0 = Release|Win32
		{53ADF471-A7E4-41FD-B1D9-2575B0D6E466}.UnicodeRelease|x64.ActiveCfg = Release|Win32
		{91BFA851-8DC8-4673-8CA5-BBCC541FBB44}.Debug_Business|Win32.ActiveCfg = Debug_Business|Win32
		{91BFA851-8DC8-4673-8CA5-BBCC541FBB44}.Debug_Business|Win32.Build.0 = Debug_Business|Win32
		{91BFA851-8DC8-4673-8CA5-BBCC541FBB44}.Debug_Business|x64.ActiveCfg = Debug_Business|Win32
		{91BFA851-8DC8-4673-8CA5-BBCC541FBB44}.Debug|Win32.ActiveCfg = Debug|Win32
		{91BFA851-8DC8-4673-8CA5-BBCC541FBB44}.Debug|x64.ActiveCfg = Debug|Win32
		{91BFA851-8DC8-4673-8CA5-BBCC541FBB44}.Release_Business|Win32.ActiveCfg = Release_Business|Win32
		{91BFA851-8DC8-4673-8CA5-BBCC541FBB44}.Release_Business|Win32.Build.0 = Release_Business|Win32
		{91BFA851-8DC8-4673-8CA5-BBCC541FBB44}.Release_Business|x64.ActiveCfg = Release_Business|Win32
		{91BFA851-8DC8-4673-8CA5-BBCC541FBB44}.Release|Win32.ActiveCfg = Release|Win32
		{91BFA851-8DC8-4673-8CA5-BBCC541FBB44}.Release|Win32.Build.0 = Release|Win32
		{91BFA851-8DC8-4673-8CA5-BBCC541FBB44}.Release|x64.ActiveCfg = Release|Win32
		{91BFA851-8DC8-4673-8CA5-BBCC541FBB44}.Template|Win32.ActiveCfg = Release|Win32
		{91BFA851-8DC8-4673-8CA5-BBCC541FBB44}.Template|Win32.Build.0 = Release|Win32
		{91BFA851-8DC8-4673-8CA5-BBCC541FBB44}.Template|x64.ActiveCfg = Release|Win32
		{91BFA851-8DC8-4673-8CA5-BBCC541FBB44}.UnicodeDebug|Win32.ActiveCfg = Debug|Win32
		{91BFA851-8DC8-4673-8CA5-BBCC541FBB44}.UnicodeDebug|Win32.Build.0 = Debug|Win32
		{91BFA851-8DC8-4673-8CA5-BBCC541FBB44}.UnicodeDebug|x64.ActiveCfg = Debug|Win32
		{91BFA851-8DC8-4673-8CA5-BBCC541FBB44}.UnicodeRelease|Win32.ActiveCfg = Release|Win32
		{91BFA851-8DC8-4673-8CA5-BBCC541FBB44}.UnicodeRelease|Win32.Build.0 = Release|Win32
		{91BFA851-8DC8-4673-8CA5-BBCC541FBB44}.UnicodeRelease|x64.ActiveCfg = Release|Win32
		{40524EE9-E645-428E-B187-46104DD2F67A}.Debug_Business|Win32.ActiveCfg = Debug_Business|Win32
		{40524EE9-E645-428E-B187-46104DD2F67A}.Debug_Business|Win32.Build.0 = Debug_Business|Win32
		{40524EE9-E645-428E-B187-46104DD2F67A}.Debug_Business|x64.ActiveCfg = Debug_Business|Win32
		{40524EE9-E645-428E-B187-46104DD2F67A}.Debug|Win32.ActiveCfg = Debug|Win32
		{40524EE9-E645-428E-B187-46104DD2F67A}.Debug|x64.ActiveCfg = Debug|Win32
		{40524EE9-E645-428E-B187-46104DD2F67A}.Release_Business|Win32.ActiveCfg = Release_Business|Win32
		{40524EE9-E645-428E-B187-46104DD2F67A}.Release_Business|Win32.Build.0 = Release_Business|Win32
		{40524EE9-E645-428E-B187-46104DD2F67A}.Release_Business|x64.ActiveCfg = Release_Business|Win32
		{40524EE9-E645-428E-B187-46104DD2F67A}.Release|Win32.ActiveCfg = Release|Win32
		{40524EE9-E645-428E-B187-46104DD2F67A}.Release|Win32.Build.0 = Release|Win32
		{40524EE9-E645-428E-B187-46104DD2F67A}.Release|x64.ActiveCfg = Release|Win32
		{40524EE9-E645-428E-B187-46104DD2F67A}.Template|Win32.ActiveCfg = Release|Win32
		{40524EE9-E645-428E-B187-46104DD2F67A}.Template|Win32.Build.0 = Release|Win32
		{40524EE9-E645-428E-B187-46104DD2F67A}.Template|x64.ActiveCfg = Release|Win32
		{40524EE9-E645-428E-B187-46104DD2F67A}.UnicodeDebug|Win32.ActiveCfg = Debug|Win32
		{40524EE9-E645-428E-B187-46104DD2F67A}.UnicodeDebug|Win32.Build.0 = Debug|Win32
		{40524EE9-E645-428E-B187-46104DD2F67A}.UnicodeDebug|x64.ActiveCfg = Debug|Win32
		{40524EE9-E645-428E-B187-46104DD2F67A}.UnicodeRelease|Win32.ActiveCfg = Release|Win32
		{40524EE9-E645-428E-B187-46104DD2F67A}.UnicodeRelease|Win32.Build.0 = Release|Win32
		{40524EE9-E645-428E-B187-46104DD2F67A}.UnicodeRelease|x64.ActiveCfg = Release|Win32
		{78212BB0-1D25-44CA-9517-365F72243225}.Debug_Business|Win32.ActiveCfg = Debug_Business|Win32
		{78212BB0-1D25-44CA-9517-365F72243225}.Debug_Business|Win32.Build.0 = Debug_Business|Win32
		{78212BB0-1D25-44CA-9517-365F72243225}.Debug_Business|x64.ActiveCfg = Debug_Business|Win32
		{78212BB0-1D25-44CA-9517-365F72243225}.Debug|Win32.ActiveCfg = Debug|Win32
		{78212BB0-1D25-44CA-9517-365F72243225}.Debug|x64.ActiveCfg = Debug|Win32
		{78212BB0-1D25-44CA-9517-365F72243225}.Release_Business|Win32.ActiveCfg = Release_Business|Win32
		{78212BB0-1D25-44CA-9517-365F72243225}.Release_Business|Win32.Build.0 = Release_Business|Win32
		{78212BB0-1D25-44CA-9517-365F72243225}.Release_Business|x64.ActiveCfg = Release_Business|Win32
		{78212BB0-1D25-44CA-9517-365F72243225}.Release|Win32.ActiveCfg = Release|Win32
		{78212BB0-1D25-44CA-9517-365F72243225}.Release|Win32.Build.0 = Release|Win32
		{78212BB0-1D25-44CA-9517-365F72243225}.Release|x64.ActiveCfg = Release|Win32
		{78212BB0-1D25-44CA-9517-365F72243225}.Template|Win32.ActiveCfg = Template|Win32
		{78212BB0-1D25-44CA-9517-365F72243225}.Template|Win32.Build.0 = Template|Win32
		{78212BB0-1D25-44CA-9517-365F72243225}.Template|x64.ActiveCfg = Template|Win32
		{78212BB0-1D25-44CA-9517-365F72243225}.UnicodeDebug|Win32.ActiveCfg = Debug|Win32
		{78212BB0-1D25-44CA-9517-365F72243225}.UnicodeDebug|Win32.Build.0 = Debug|Win32
		{78212BB0-1D25-44CA-9517-365F72243225}.UnicodeDebug|x64.ActiveCfg = Debug|Win32
		{78212BB0-1D25-44CA-9517-365F72243225}.UnicodeRelease|Win32.ActiveCfg = Release|Win32
		{78212BB0-1D25-44CA-9517-365F72243225}.UnicodeRelease|Win32.Build.0 = Release|Win32
		{78212BB0-1D25-44CA-9517-365F72243225}.UnicodeRelease|x64.ActiveCfg = Release|Win32
		{E106ACD7-4E53-4AEE-942B-D0DD426DB34E}.Debug_Business|Win32.ActiveCfg = Debug|Win32
		{E106ACD7-4E53-4AEE-942B-D0DD426DB34E}.Debug_Business|Win32.Build.0 = Debug|Win32
		{E106ACD7-4E53-4AEE-942B-D0DD426DB34E}.Debug_Business|x64.ActiveCfg = Debug|Win32
		{E106ACD7-4E53-4AEE-942B-D0DD426DB34E}.Debug|Win32.ActiveCfg = Debug|Win32
		{E106ACD7-4E53-4AEE-942B-D0DD426DB34E}.Debug|Win32.Build.0 = Debug|Win32
		{E106ACD7-4E53-4AEE-942B-D0DD426DB34E}.Debug|x64.ActiveCfg = Debug|Win32
		{E106ACD7-4E53-4AEE-942B-D0DD426DB34E}.Release_Business|Win32.ActiveCfg = Release|Win32
		{E106ACD7-4E53-4AEE-942B-D0DD426DB34E}.Release_Business|Win32.Build.0 = Release|Win32
		{E106ACD7-4E53-4AEE-942B-D0DD426DB34E}.Release_Business|x64.ActiveCfg = Release|Win32
		{E106ACD7-4E53-4AEE-942B-D0DD426DB34E}.Release|Win32.ActiveCfg = Release|Win32
		{E106ACD7-4E53-4AEE-942B-D0DD426DB34E}.Release|Win32.Build.0 = Release|Win32
		{E106ACD7-4E53-4AEE-942B-D0DD426DB34E}.Release|x64.ActiveCfg = Release|Win32
		{E106ACD7-4E53-4AEE-942B-D0DD426DB34E}.Template|Win32.ActiveCfg = Debug|Win32
		{E106ACD7-4E53-4AEE-942B-D0DD426DB34E}.Template|Win32.Build.0 = Debug|Win32
		{E106ACD7-4E53-4AEE-942B-D0DD426DB34E}.Template|x64.ActiveCfg = Release|Win32
		{E106ACD7-4E53-4AEE-942B-D0DD426DB34E}.UnicodeDebug|Win32.ActiveCfg = Debug|Win32
		{E106ACD7-4E53-4AEE-942B-D0DD426DB34E}.UnicodeDebug|Win32.Build.0 = Debug|Win32
		{E106ACD7-4E53-4AEE-942B-D0DD426DB34E}.UnicodeDebug|x64.ActiveCfg = Debug|Win32
		{E106ACD7-4E53-4AEE-942B-D0DD426DB34E}.UnicodeRelease|Win32.ActiveCfg = Release|Win32
		{E106ACD7-4E53-4AEE-942B-D0DD426DB34E}.UnicodeRelease|Win32.Build.0 = Release|Win32
		{E106ACD7-4E53-4AEE-942B-D0DD426DB34E}.UnicodeRelease|x64.ActiveCfg = Release|Win32
		{96CAAE28-E968-4D8F-8B49-731FD417C500}.Debug_Business|Win32.ActiveCfg = Debug_Business|Win32
		{96CAAE28-E968-4D8F-8B49-731FD417C500}.Debug_Business|Win32.Build.0 = Debug_Business|Win32
		{96CAAE28-E968-4D8F-8B49-731FD417C500}.Debug_Business|x64.ActiveCfg = Debug_Business|Win32
		{96CAAE28-E968-4D8F-8B49-731FD417C500}.Debug|Win32.ActiveCfg = Debug|Win32
		{96CAAE28-E968-4D8F-8B49-731FD417C500}.Debug|Win32.Build.0 = Debug|Win32
		{96CAAE28-E968-4D8F-8B49-731FD417C500}.Debug|x64.ActiveCfg = Debug|Win32
		{96CAAE28-E968-4D8F-8B49-731FD417C500}.Release_Business|Win32.ActiveCfg = Release_Business|Win32
		{96CAAE28-E968-4D8F-8B49-731FD417C500}.Release_Business|Win32.Build.0 = Release_Business|Win32
		{96CAAE28-E968-4D8F-8B49-731FD417C500}.Release_Business|x64.ActiveCfg = Release_Business|Win32
		{96CAAE28-E968-4D8F-8B49-731FD417C500}.Release|Win32.ActiveCfg = Release|Win32
		{96CAAE28-E968-4D8F-8B49-731FD417C500}.Release|Win32.Build.0 = Release|Win32
		{96CAAE28-E968-4D8F-8B49-731FD417C500}.Release|x64.ActiveCfg = Release|Win32
		{96CAAE28-E968-4D8F-8B49-731FD417C500}.Template|Win32.ActiveCfg = Release|Win32
		{96CAAE28-E968-4D8F-8B49-731FD417C500}.Template|Win32.Build.0 = Release|Win32
		{96CAAE28-E968-4D8F-8B49-731FD417C500}.Template|x64.ActiveCfg = Release|Win32
		{96CAAE28-E968-4D8F-8B49-731FD417C500}.UnicodeDebug|Win32.ActiveCfg = Debug|Win32
		{96CAAE28-E968-4D8F-8B49-731FD417C500}.UnicodeDebug|Win32.Build.0 = Debug|Win32
		{96CAAE28-E968-4D8F-8B49-731FD417C500}.UnicodeDebug|x64.ActiveCfg = Debug|Win32
		{96CAAE28-E968-4D8F-8B49-731FD417C500}.UnicodeRelease|Win32.ActiveCfg = Release|Win32
		{96CAAE28-E968-4D8F-8B49-731FD417C500}.UnicodeRelease|Win32.Build.0 = Release|Win32
		{96CAAE28-E968-4D8F-8B49-731FD417C500}.UnicodeRelease|x64.ActiveCfg = Release|Win32
		{A9D6DC71-C0DC-4549-AEA0-3B15B44E86A9}.Debug_Business|Win32.ActiveCfg = Debug|x64
		{A9D6DC71-C0DC-4549-AEA0-3B15B44E86A9}.Debug_Business|x64.ActiveCfg = Debug|x64
		{A9D6DC71-C0DC-4549-AEA0-3B15B44E86A9}.Debug_Business|x64.Build.0 = Debug|x64
		{A9D6DC71-C0DC-4549-AEA0-3B15B44E86A9}.Debug|Win32.ActiveCfg = Debug|Win32
		{A9D6DC71-C0DC-4549-AEA0-3B15B44E86A9}.Debug|Win32.Build.0 = Debug|Win32
		{A9D6DC71-C0DC-4549-AEA0-3B15B44E86A9}.Debug|x64.ActiveCfg = Debug|x64
		{A9D6DC71-C0DC-4549-AEA0-3B15B44E86A9}.Debug|x64.Build.0 = Debug|x64
		{A9D6DC71-C0DC-4549-AEA0-3B15B44E86A9}.Release_Business|Win32.ActiveCfg = Release|x64
		{A9D6DC71-C0DC-4549-AEA0-3B15B44E86A9}.Release_Business|x64.ActiveCfg = Release|x64
		{A9D6DC71-C0DC-4549-AEA0-3B15B44E86A9}.Release_Business|x64.Build.0 = Release|x64
		{A9D6DC71-C0DC-4549-AEA0-3B15B44E86A9}.Release|Win32.ActiveCfg = Release|Win32
		{A9D6DC71-C0DC-4549-AEA0-3B15B44E86A9}.Release|Win32.Build.0 = Release|Win32
		{A9D6DC71-C0DC-4549-AEA0-3B15B44E86A9}.Release|x64.ActiveCfg = Release|x64
		{A9D6DC71-C0DC-4549-AEA0-3B15B44E86A9}.Release|x64.Build.0 = Release|x64
		{A9D6DC71-C0DC-4549-AEA0-3B15B44E86A9}.Template|Win32.ActiveCfg = Release|x64
		{A9D6DC71-C0DC-4549-AEA0-3B15B44E86A9}.Template|x64.ActiveCfg = Release|x64
		{A9D6DC71-C0DC-4549-AEA0-3B15B44E86A9}.Template|x64.Build.0 = Release|x64
		{A9D6DC71-C0DC-4549-AEA0-3B15B44E86A9}.UnicodeDebug|Win32.ActiveCfg = Debug|Win32
		{A9D6DC71-C0DC-4549-AEA0-3B15B44E86A9}.UnicodeDebug|Win32.Build.0 = Debug|Win32
		{A9D6DC71-C0DC-4549-AEA0-3B15B44E86A9}.UnicodeDebug|x64.ActiveCfg = Debug|x64
		{A9D6DC71-C0DC-4549-AEA0-3B15B44E86A9}.UnicodeDebug|x64.Build.0 = Debug|x64
		{A9D6DC71-C0DC-4549-AEA0-3B15B44E86A9}.UnicodeRelease|Win32.ActiveCfg = Release|Win32
		{A9D6DC71-C0DC-4549-AEA0-3B15B44E86A9}.UnicodeRelease|Win32.Build.0 = Release|Win32
		{A9D6DC71-C0DC-4549-AEA0-3B15B44E86A9}.UnicodeRelease|x64.ActiveCfg = Release|x64
		{A9D6DC71-C0DC-4549-AEA0-3B15B44E86A9}.UnicodeRelease|x64.Build.0 = Release|x64
		{0F78E05A-97F4-4628-AF19-7D68090529A2}.Debug_Business|Win32.ActiveCfg = Debug|Win32
		{0F78E05A-97F4-4628-AF19-7D68090529A2}.Debug_Business|Win32.Build.0 = Debug|Win32
		{0F78E05A-97F4-4628-AF19-7D68090529A2}.Debug_Business|x64.ActiveCfg = Debug|Win32
		{0F78E05A-97F4-4628-AF19-7D68090529A2}.Debug|Win32.ActiveCfg = Debug|Win32
		{0F78E05A-97F4-4628-AF19-7D68090529A2}.Debug|Win32.Build.0 = Debug|Win32
		{0F78E05A-97F4-4628-AF19-7D68090529A2}.Debug|x64.ActiveCfg = Debug|Win32
		{0F78E05A-97F4-4628-AF19-7D68090529A2}.Release_Business|Win32.ActiveCfg = Release|Win32
		{0F78E05A-97F4-4628-AF19-7D68090529A2}.Release_Business|Win32.Build.0 = Release|Win32
		{0F78E05A-97F4-4628-AF19-7D68090529A2}.Release_Business|x64.ActiveCfg = Release|Win32
		{0F78E05A-97F4-4628-AF19-7D68090529A2}.Release|Win32.ActiveCfg = Release|Win32
		{0F78E05A-97F4-4628-AF19-7D68090529A2}.Release|Win32.Build.0 = Release|Win32
		{0F78E05A-97F4-4628-AF19-7D68090529A2}.Release|x64.ActiveCfg = Release|Win32
		{0F78E05A-97F4-4628-AF19-7D68090529A2}.Template|Win32.ActiveCfg = Release|Win32
		{0F78E05A-97F4-4628-AF19-7D68090529A2}.Template|Win32.Build.0 = Release|Win32
		{0F78E05A-97F4-4628-AF19-7D68090529A2}.Template|x64.ActiveCfg = Release|Win32
		{0F78E05A-97F4-4628-AF19-7D68090529A2}.UnicodeDebug|Win32.ActiveCfg = Debug|Win32
		{0F78E05A-97F4-4628-AF19-7D68090529A2}.UnicodeDebug|Win32.Build.0 = Debug|Win32
		{0F78E05A-97F4-4628-AF19-7D68090529A2}.UnicodeDebug|x64.ActiveCfg = Debug|Win32
		{0F78E05A-97F4-4628-AF19-7D68090529A2}.UnicodeRelease|Win32.ActiveCfg = Release|Win32
		{0F78E05A-97F4-4628-AF19-7D68090529A2}.UnicodeRelease|Win32.Build.0 = Release|Win32
		{0F78E05A-97F4-4628-AF19-7D68090529A2}.UnicodeRelease|x64.ActiveCfg = Release|Win32
		{5BBB2276-C834-2D4E-DECB-A4D79EE87C79}.Debug_Business|Win32.ActiveCfg = Debug|Win32
		{5BBB2276-C834-2D4E-DECB-A4D79EE87C79}.Debug_Business|Win32.Build.0 = Debug|Win32
		{5BBB2276-C834-2D4E-DECB-A4D79EE87C79}.Debug_Business|x64.ActiveCfg = Debug|Win32
		{5BBB2276-C834-2D4E-DECB-A4D79EE87C79}.Debug|Win32.ActiveCfg = Debug|Win32
		{5BBB2276-C834-2D4E-DECB-A4D79EE87C79}.Debug|Win32.Build.0 = Debug|Win32
		{5BBB2276-C834-2D4E-DECB-A4D79EE87C79}.Debug|x64.ActiveCfg = Debug|Win32
		{5BBB2276-C834-2D4E-DECB-A4D79EE87C79}.Release_Business|Win32.ActiveCfg = Release|Win32
		{5BBB2276-C834-2D4E-DECB-A4D79EE87C79}.Release_Business|Win32.Build.0 = Release|Win32
		{5BBB2276-C834-2D4E-DECB-A4D79EE87C79}.Release_Business|x64.ActiveCfg = Release|Win32
		{5BBB2276-C834-2D4E-DECB-A4D79EE87C79}.Release|Win32.ActiveCfg = Release|Win32
		{5BBB2276-C834-2D4E-DECB-A4D79EE87C79}.Release|Win32.Build.0 = Release|Win32
		{5BBB2276-C834-2D4E-DECB-A4D79EE87C79}.Release|x64.ActiveCfg = Release|Win32
		{5BBB2276-C834-2D4E-DECB-A4D79EE87C79}.Template|Win32.ActiveCfg = Release|Win32
		{5BBB2276-C834-2D4E-DECB-A4D79EE87C79}.Template|Win32.Build.0 = Release|Win32
		{5BBB2276-C834-2D4E-DECB-A4D79EE87C79}.Template|x64.ActiveCfg = Release|Win32
		{5BBB2276-C834-2D4E-DECB-A4D79EE87C79}.UnicodeDebug|Win32.ActiveCfg = Debug|Win32
		{5BBB2276-C834-2D4E-DECB-A4D79EE87C79}.UnicodeDebug|Win32.Build.0 = Debug|Win32
		{5BBB2276-C834-2D4E-DECB-A4D79EE87C79}.UnicodeDebug|x64.ActiveCfg = Debug|Win32
		{5BBB2276-C834-2D4E-DECB-A4D79EE87C79}.UnicodeRelease|Win32.ActiveCfg = Release|Win32
		{5BBB2276-C834-2D4E-DECB-A4D79EE87C79}.UnicodeRelease|Win32.Build.0 = Release|Win32
		{5BBB2276-C834-2D4E-DECB-A4D79EE87C79}.UnicodeRelease|x64.ActiveCfg = Release|Win32
	EndGlobalSection
	GlobalSection(SolutionProperties) = preSolution
		HideSolutionNode = FALSE
	EndGlobalSection
	GlobalSection(SubversionScc) = preSolution
		Svn-Managed = True
		Manager = AnkhSVN - Subversion Support for Visual Studio
	EndGlobalSection
EndGlobal
