<?xml version="1.0" encoding="utf-8"?>
<Project ToolsVersion="4.0" xmlns="http://schemas.microsoft.com/developer/msbuild/2003">
  <ItemGroup>
    <Filter Include="源文件">
      <UniqueIdentifier>{4FC737F1-C7A5-4376-A066-2A32D752A2FF}</UniqueIdentifier>
      <Extensions>cpp;c;cxx;def;odl;idl;hpj;bat;asm;asmx</Extensions>
    </Filter>
    <Filter Include="头文件">
      <UniqueIdentifier>{93995380-89BD-4b04-88EB-625FBE52EBFB}</UniqueIdentifier>
      <Extensions>h;hpp;hxx;hm;inl;inc;xsd</Extensions>
    </Filter>
    <Filter Include="资源文件">
      <UniqueIdentifier>{67DA6AB6-F800-4c08-8B7A-83BB121AAD01}</UniqueIdentifier>
      <Extensions>rc;ico;cur;bmp;dlg;rc2;rct;bin;rgs;gif;jpg;jpeg;jpe;resx</Extensions>
    </Filter>
    <Filter Include="生成的文件">
      <UniqueIdentifier>{b7c443f1-f147-45ec-a599-dd807ab6594f}</UniqueIdentifier>
      <SourceControlFiles>False</SourceControlFiles>
    </Filter>
  </ItemGroup>
  <ItemGroup>
    <ClCompile Include="AlbumFolder.cpp">
      <Filter>源文件</Filter>
    </ClCompile>
    <ClCompile Include="..\public\public_controls\buttonext.cpp">
      <Filter>源文件</Filter>
    </ClCompile>
    <ClCompile Include="FormProgress.cpp">
      <Filter>源文件</Filter>
    </ClCompile>
    <ClCompile Include="MainDlg.cpp">
      <Filter>源文件</Filter>
    </ClCompile>
    <ClCompile Include="MyPictures.cpp">
      <Filter>源文件</Filter>
    </ClCompile>
    <ClCompile Include="MyPicturesX.cpp">
      <Filter>源文件</Filter>
    </ClCompile>
    <ClCompile Include="..\public\public_controls\ResGdiObj.cpp">
      <Filter>源文件</Filter>
    </ClCompile>
    <ClCompile Include="..\Public\web\SpaceData.cpp">
      <Filter>源文件</Filter>
    </ClCompile>
    <ClCompile Include="stdafx.cpp">
      <Filter>源文件</Filter>
    </ClCompile>
    <ClCompile Include="..\public\web\WebBusiness.cpp">
      <Filter>源文件</Filter>
    </ClCompile>
    <ClCompile Include="..\public\web\WebDataProcess.cpp">
      <Filter>源文件</Filter>
    </ClCompile>
    <ClCompile Include="..\Public\web\WebInterfaceWrapper.cpp">
      <Filter>源文件</Filter>
    </ClCompile>
    <ClCompile Include="..\public\web\WebPictureProcess.cpp">
      <Filter>源文件</Filter>
    </ClCompile>
    <ClCompile Include="MyPictures_i.c">
      <Filter>生成的文件</Filter>
    </ClCompile>
  </ItemGroup>
  <ItemGroup>
    <None Include="MyPictures.def">
      <Filter>源文件</Filter>
    </None>
    <None Include="MyPictures.rgs">
      <Filter>资源文件</Filter>
    </None>
    <None Include="MyPicturesX.rgs">
      <Filter>资源文件</Filter>
    </None>
    <None Include="ReadMe.txt" />
  </ItemGroup>
  <ItemGroup>
    <Midl Include="MyPictures.idl">
      <Filter>源文件</Filter>
    </Midl>
  </ItemGroup>
  <ItemGroup>
    <ClInclude Include="AlbumFolder.h">
      <Filter>头文件</Filter>
    </ClInclude>
    <ClInclude Include="..\public\public_controls\buttonext.h">
      <Filter>头文件</Filter>
    </ClInclude>
    <ClInclude Include="FormProgress.h">
      <Filter>头文件</Filter>
    </ClInclude>
    <ClInclude Include="MainDlg.h">
      <Filter>头文件</Filter>
    </ClInclude>
    <ClInclude Include="MyPicturesX.h">
      <Filter>头文件</Filter>
    </ClInclude>
    <ClInclude Include="..\public\public_controls\ResGdiObj.h">
      <Filter>头文件</Filter>
    </ClInclude>
    <ClInclude Include="Resource.h">
      <Filter>头文件</Filter>
    </ClInclude>
    <ClInclude Include="..\Public\web\SpaceData.h">
      <Filter>头文件</Filter>
    </ClInclude>
    <ClInclude Include="..\public\web\SpaceTypeDef.h">
      <Filter>头文件</Filter>
    </ClInclude>
    <ClInclude Include="stdafx.h">
      <Filter>头文件</Filter>
    </ClInclude>
    <ClInclude Include="..\public\web\WebBusiness.h">
      <Filter>头文件</Filter>
    </ClInclude>
    <ClInclude Include="..\public\web\WebDataProcess.h">
      <Filter>头文件</Filter>
    </ClInclude>
    <ClInclude Include="..\Public\web\WebInterfaceWrapper.h">
      <Filter>头文件</Filter>
    </ClInclude>
    <ClInclude Include="..\public\web\WebParaser.h">
      <Filter>头文件</Filter>
    </ClInclude>
    <ClInclude Include="..\public\web\WebPictureProcess.h">
      <Filter>头文件</Filter>
    </ClInclude>
  </ItemGroup>
  <ItemGroup>
    <ResourceCompile Include="MyPictures.rc">
      <Filter>资源文件</Filter>
    </ResourceCompile>
  </ItemGroup>
</Project>