<?xml version="1.0" encoding="utf-8"?>
<Project ToolsVersion="4.0" xmlns="http://schemas.microsoft.com/developer/msbuild/2003">
  <ItemGroup>
    <Filter Include="源文件">
      <UniqueIdentifier>{b59bb4b2-a32b-42f7-a339-32f6c3c11e4d}</UniqueIdentifier>
    </Filter>
    <Filter Include="生成的文件">
      <UniqueIdentifier>{e25aab61-8c7c-46bb-9c22-94b1a665b65c}</UniqueIdentifier>
      <SourceControlFiles>False</SourceControlFiles>
    </Filter>
  </ItemGroup>
  <ItemGroup>
    <ClCompile Include="dlldata.c">
      <Filter>生成的文件</Filter>
    </ClCompile>
    <ClCompile Include="WebConfig_i.c">
      <Filter>生成的文件</Filter>
    </ClCompile>
    <ClCompile Include="WebConfig_p.c">
      <Filter>生成的文件</Filter>
    </ClCompile>
  </ItemGroup>
  <ItemGroup>
    <None Include="WebConfigps.def" />
  </ItemGroup>
</Project>