<?xml version="1.0" encoding="utf-8"?>
<Project ToolsVersion="4.0" xmlns="http://schemas.microsoft.com/developer/msbuild/2003">
  <ItemGroup>
    <Filter Include="源文件">
      <UniqueIdentifier>{4FC737F1-C7A5-4376-A066-2A32D752A2FF}</UniqueIdentifier>
      <Extensions>cpp;c;cxx;def;odl;idl;hpj;bat;asm;asmx</Extensions>
    </Filter>
    <Filter Include="头文件">
      <UniqueIdentifier>{93995380-89BD-4b04-88EB-625FBE52EBFB}</UniqueIdentifier>
      <Extensions>h;hpp;hxx;hm;inl;inc;xsd</Extensions>
    </Filter>
    <Filter Include="资源文件">
      <UniqueIdentifier>{67DA6AB6-F800-4c08-8B7A-83BB121AAD01}</UniqueIdentifier>
      <Extensions>rc;ico;cur;bmp;dlg;rc2;rct;bin;rgs;gif;jpg;jpeg;jpe;resx</Extensions>
    </Filter>
    <Filter Include="生成的文件">
      <UniqueIdentifier>{b1dee946-270b-433a-8136-fc83fb227fcb}</UniqueIdentifier>
      <SourceControlFiles>False</SourceControlFiles>
    </Filter>
  </ItemGroup>
  <ItemGroup>
    <ClCompile Include="..\public\public_controls\buttonext.cpp">
      <Filter>源文件</Filter>
    </ClCompile>
    <ClCompile Include="CreateDirDlg.cpp">
      <Filter>源文件</Filter>
    </ClCompile>
    <ClCompile Include="..\public\public_controls\dhtmledit_blog.cpp">
      <Filter>源文件</Filter>
    </ClCompile>
    <ClCompile Include="..\public\public_controls\explorer1.cpp">
      <Filter>源文件</Filter>
    </ClCompile>
    <ClCompile Include="FormProgress.cpp">
      <Filter>源文件</Filter>
    </ClCompile>
    <ClCompile Include="..\public\public_controls\GraphCheckComboBox.cpp">
      <Filter>源文件</Filter>
    </ClCompile>
    <ClCompile Include="..\public\public_controls\IconCtrl.cpp">
      <Filter>源文件</Filter>
    </ClCompile>
    <ClCompile Include="ImageFileDialog.cpp">
      <Filter>源文件</Filter>
    </ClCompile>
    <ClCompile Include="ImageToolBar.cpp">
      <Filter>源文件</Filter>
    </ClCompile>
    <ClCompile Include="ListBoxST.cpp">
      <Filter>源文件</Filter>
    </ClCompile>
    <ClCompile Include="MainFrame.cpp">
      <Filter>源文件</Filter>
    </ClCompile>
    <ClCompile Include="MenuTitleBar.cpp">
      <Filter>源文件</Filter>
    </ClCompile>
    <ClCompile Include="OpenArticlesDlg.cpp">
      <Filter>源文件</Filter>
    </ClCompile>
    <ClCompile Include="..\public\public_controls\ResGdiObj.cpp">
      <Filter>源文件</Filter>
    </ClCompile>
    <ClCompile Include="SEOListCtrl.cpp">
      <Filter>源文件</Filter>
    </ClCompile>
    <ClCompile Include="..\Public\web\SpaceData.cpp">
      <Filter>源文件</Filter>
    </ClCompile>
    <ClCompile Include="stdafx.cpp">
      <Filter>源文件</Filter>
    </ClCompile>
    <ClCompile Include="TestWebPicDlg.cpp">
      <Filter>源文件</Filter>
    </ClCompile>
    <ClCompile Include="TitleEdit.cpp">
      <Filter>源文件</Filter>
    </ClCompile>
    <ClCompile Include="ToolBarEx.cpp">
      <Filter>源文件</Filter>
    </ClCompile>
    <ClCompile Include="..\public\web\WebBusiness.cpp">
      <Filter>源文件</Filter>
    </ClCompile>
    <ClCompile Include="..\public\web\WebDataProcess.cpp">
      <Filter>源文件</Filter>
    </ClCompile>
    <ClCompile Include="WebFaceDlg.cpp">
      <Filter>源文件</Filter>
    </ClCompile>
    <ClCompile Include="..\Public\web\WebInterfaceWrapper.cpp">
      <Filter>源文件</Filter>
    </ClCompile>
    <ClCompile Include="WebPicDlg.cpp">
      <Filter>源文件</Filter>
    </ClCompile>
    <ClCompile Include="..\public\web\WebPictureProcess.cpp">
      <Filter>源文件</Filter>
    </ClCompile>
    <ClCompile Include="WriteArticle.cpp">
      <Filter>源文件</Filter>
    </ClCompile>
    <ClCompile Include="WriteArticleX.cpp">
      <Filter>源文件</Filter>
    </ClCompile>
    <ClCompile Include="WriteBlogDlg.cpp">
      <Filter>源文件</Filter>
    </ClCompile>
    <ClCompile Include="WriteArticle_i.c">
      <Filter>生成的文件</Filter>
    </ClCompile>
  </ItemGroup>
  <ItemGroup>
    <None Include="WriteArticle.def">
      <Filter>源文件</Filter>
    </None>
    <None Include="ArticleDataX.rgs">
      <Filter>资源文件</Filter>
    </None>
    <None Include="res\toolbar_.bmp">
      <Filter>资源文件</Filter>
    </None>
    <None Include="WriteArticle.rgs">
      <Filter>资源文件</Filter>
    </None>
    <None Include="WriteArticleX.rgs">
      <Filter>资源文件</Filter>
    </None>
    <None Include="ReadMe.txt" />
  </ItemGroup>
  <ItemGroup>
    <Midl Include="WriteArticle.idl">
      <Filter>源文件</Filter>
    </Midl>
  </ItemGroup>
  <ItemGroup>
    <ClInclude Include="..\public\public_controls\buttonext.h">
      <Filter>头文件</Filter>
    </ClInclude>
    <ClInclude Include="CreateDirDlg.h">
      <Filter>头文件</Filter>
    </ClInclude>
    <ClInclude Include="..\public\public_controls\dhtmledit_blog.h">
      <Filter>头文件</Filter>
    </ClInclude>
    <ClInclude Include="..\public\public_controls\explorer1.h">
      <Filter>头文件</Filter>
    </ClInclude>
    <ClInclude Include="FormProgress.h">
      <Filter>头文件</Filter>
    </ClInclude>
    <ClInclude Include="..\public\public_controls\GraphCheckComboBox.h">
      <Filter>头文件</Filter>
    </ClInclude>
    <ClInclude Include="..\public\public_controls\IconCtrl.h">
      <Filter>头文件</Filter>
    </ClInclude>
    <ClInclude Include="ImageFileDialog.h">
      <Filter>头文件</Filter>
    </ClInclude>
    <ClInclude Include="ImageToolBar.h">
      <Filter>头文件</Filter>
    </ClInclude>
    <ClInclude Include="ListBoxST.h">
      <Filter>头文件</Filter>
    </ClInclude>
    <ClInclude Include="MainDlg.h">
      <Filter>头文件</Filter>
    </ClInclude>
    <ClInclude Include="MainFrame.h">
      <Filter>头文件</Filter>
    </ClInclude>
    <ClInclude Include="MenuTitleBar.h">
      <Filter>头文件</Filter>
    </ClInclude>
    <ClInclude Include="MiniAlbum.h">
      <Filter>头文件</Filter>
    </ClInclude>
    <ClInclude Include="MiniLog.h">
      <Filter>头文件</Filter>
    </ClInclude>
    <ClInclude Include="MiniPublic.h">
      <Filter>头文件</Filter>
    </ClInclude>
    <ClInclude Include="OpenArticlesDlg.h">
      <Filter>头文件</Filter>
    </ClInclude>
    <ClInclude Include="PublicDef.h">
      <Filter>头文件</Filter>
    </ClInclude>
    <ClInclude Include="..\public\public_controls\ResGdiObj.h">
      <Filter>头文件</Filter>
    </ClInclude>
    <ClInclude Include="Resource.h">
      <Filter>头文件</Filter>
    </ClInclude>
    <ClInclude Include="SEOListCtrl.h">
      <Filter>头文件</Filter>
    </ClInclude>
    <ClInclude Include="..\Public\web\SpaceData.h">
      <Filter>头文件</Filter>
    </ClInclude>
    <ClInclude Include="..\public\web\SpaceTypeDef.h">
      <Filter>头文件</Filter>
    </ClInclude>
    <ClInclude Include="stdafx.h">
      <Filter>头文件</Filter>
    </ClInclude>
    <ClInclude Include="TestWebPicDlg.h">
      <Filter>头文件</Filter>
    </ClInclude>
    <ClInclude Include="TitleEdit.h">
      <Filter>头文件</Filter>
    </ClInclude>
    <ClInclude Include="ToolBarEx.h">
      <Filter>头文件</Filter>
    </ClInclude>
    <ClInclude Include="..\public\web\WebBusiness.h">
      <Filter>头文件</Filter>
    </ClInclude>
    <ClInclude Include="..\public\web\WebDataProcess.h">
      <Filter>头文件</Filter>
    </ClInclude>
    <ClInclude Include="WebFaceDlg.h">
      <Filter>头文件</Filter>
    </ClInclude>
    <ClInclude Include="..\Public\web\WebInterfaceWrapper.h">
      <Filter>头文件</Filter>
    </ClInclude>
    <ClInclude Include="WebPicDlg.h">
      <Filter>头文件</Filter>
    </ClInclude>
    <ClInclude Include="..\public\web\WebPictureProcess.h">
      <Filter>头文件</Filter>
    </ClInclude>
    <ClInclude Include="WriteArticleX.h">
      <Filter>头文件</Filter>
    </ClInclude>
    <ClInclude Include="WriteBlogDlg.h">
      <Filter>头文件</Filter>
    </ClInclude>
  </ItemGroup>
  <ItemGroup>
    <ResourceCompile Include="WriteArticle.rc">
      <Filter>资源文件</Filter>
    </ResourceCompile>
  </ItemGroup>
</Project>