<?xml version="1.0" encoding="utf-8"?>
<Project ToolsVersion="4.0" xmlns="http://schemas.microsoft.com/developer/msbuild/2003">
  <ItemGroup>
    <Filter Include="源文件">
      <UniqueIdentifier>{4FC737F1-C7A5-4376-A066-2A32D752A2FF}</UniqueIdentifier>
      <Extensions>cpp;c;cxx;def;odl;idl;hpj;bat;asm;asmx</Extensions>
    </Filter>
    <Filter Include="头文件">
      <UniqueIdentifier>{93995380-89BD-4b04-88EB-625FBE52EBFB}</UniqueIdentifier>
      <Extensions>h;hpp;hxx;hm;inl;inc;xsd</Extensions>
    </Filter>
    <Filter Include="资源文件">
      <UniqueIdentifier>{67DA6AB6-F800-4c08-8B7A-83BB121AAD01}</UniqueIdentifier>
      <Extensions>rc;ico;cur;bmp;dlg;rc2;rct;bin;rgs;gif;jpg;jpeg;jpe;resx</Extensions>
    </Filter>
  </ItemGroup>
  <ItemGroup>
    <ClCompile Include="Custdraw.cpp">
      <Filter>源文件</Filter>
    </ClCompile>
    <ClCompile Include="FlatDateTimeCtrl.cpp">
      <Filter>源文件</Filter>
    </ClCompile>
    <ClCompile Include="FlatEdit.cpp">
      <Filter>源文件</Filter>
    </ClCompile>
    <ClCompile Include="GraphComboBox.cpp">
      <Filter>源文件</Filter>
    </ClCompile>
    <ClCompile Include="HmgSkin.cpp">
      <Filter>源文件</Filter>
    </ClCompile>
    <ClCompile Include="HyperBtn.cpp">
      <Filter>源文件</Filter>
    </ClCompile>
    <ClCompile Include="MenuEx.cpp">
      <Filter>源文件</Filter>
    </ClCompile>
    <ClCompile Include="PictureEx.cpp">
      <Filter>源文件</Filter>
    </ClCompile>
    <ClCompile Include="ResGdiObj.cpp">
      <Filter>源文件</Filter>
    </ClCompile>
    <ClCompile Include="SplitterControl.cpp">
      <Filter>源文件</Filter>
    </ClCompile>
    <ClCompile Include="stdafx.cpp">
      <Filter>源文件</Filter>
    </ClCompile>
    <ClCompile Include="XButton.cpp">
      <Filter>源文件</Filter>
    </ClCompile>
    <ClCompile Include="XHeaderCtrl.cpp">
      <Filter>源文件</Filter>
    </ClCompile>
    <ClCompile Include="XListCtrl.cpp">
      <Filter>源文件</Filter>
    </ClCompile>
    <ClCompile Include="XSkinDlg.cpp">
      <Filter>源文件</Filter>
    </ClCompile>
    <ClCompile Include="XSliderCtrl.cpp">
      <Filter>源文件</Filter>
    </ClCompile>
    <ClCompile Include="ColumnCtrl.cpp">
      <Filter>源文件</Filter>
    </ClCompile>
    <ClCompile Include="MenuCtrl.cpp">
      <Filter>源文件</Filter>
    </ClCompile>
    <ClCompile Include="ButtonEx.cpp">
      <Filter>源文件</Filter>
    </ClCompile>
    <ClCompile Include="ScrollBarEx.cpp">
      <Filter>源文件</Filter>
    </ClCompile>
    <ClCompile Include="FlatPopupMenu.cpp">
      <Filter>源文件</Filter>
    </ClCompile>
    <ClCompile Include="CloseTabCtrl.cpp">
      <Filter>源文件</Filter>
    </ClCompile>
    <ClCompile Include="TabBtnCtrl.cpp">
      <Filter>源文件</Filter>
    </ClCompile>
    <ClCompile Include="RadioButton.cpp">
      <Filter>源文件</Filter>
    </ClCompile>
    <ClCompile Include="CheckButton.cpp">
      <Filter>源文件</Filter>
    </ClCompile>
    <ClCompile Include="FlatHotKeyCtrl.cpp">
      <Filter>源文件</Filter>
    </ClCompile>
  </ItemGroup>
  <ItemGroup>
    <None Include="HmgSkin.def">
      <Filter>源文件</Filter>
    </None>
    <None Include="res\im\arrow_down.bmp">
      <Filter>资源文件</Filter>
    </None>
    <None Include="res\im\arrow_up.bmp">
      <Filter>资源文件</Filter>
    </None>
    <None Include="res\im\bmp00001.bmp">
      <Filter>资源文件</Filter>
    </None>
    <None Include="res\im\bmp00002.bmp">
      <Filter>资源文件</Filter>
    </None>
    <None Include="res\im\bmp00005.bmp">
      <Filter>资源文件</Filter>
    </None>
    <None Include="res\im\bmp00006.bmp">
      <Filter>资源文件</Filter>
    </None>
    <None Include="res\im\bmp00007.bmp">
      <Filter>资源文件</Filter>
    </None>
    <None Include="res\im\bmp00008.bmp">
      <Filter>资源文件</Filter>
    </None>
    <None Include="res\im\bmp00009.bmp">
      <Filter>资源文件</Filter>
    </None>
    <None Include="res\im\btn1_disable.bmp">
      <Filter>资源文件</Filter>
    </None>
    <None Include="res\im\btn1_down.bmp">
      <Filter>资源文件</Filter>
    </None>
    <None Include="res\im\btn1_hover.bmp">
      <Filter>资源文件</Filter>
    </None>
    <None Include="res\im\btn1_normal.bmp">
      <Filter>资源文件</Filter>
    </None>
    <None Include="res\im\button_disable.bmp">
      <Filter>资源文件</Filter>
    </None>
    <None Include="res\im\button_down.bmp">
      <Filter>资源文件</Filter>
    </None>
    <None Include="res\im\button_hover.bmp">
      <Filter>资源文件</Filter>
    </None>
    <None Include="res\im\button_normal.bmp">
      <Filter>资源文件</Filter>
    </None>
    <None Include="res\im\close_do.bmp">
      <Filter>资源文件</Filter>
    </None>
    <None Include="res\im\close_down.bmp">
      <Filter>资源文件</Filter>
    </None>
    <None Include="res\im\close_hot.bmp">
      <Filter>资源文件</Filter>
    </None>
    <None Include="res\im\close_no.bmp">
      <Filter>资源文件</Filter>
    </None>
    <None Include="res\im\close_normal.bmp">
      <Filter>资源文件</Filter>
    </None>
    <None Include="res\im\column_b.bmp">
      <Filter>资源文件</Filter>
    </None>
    <None Include="res\im\column_btn_bottom.bmp">
      <Filter>资源文件</Filter>
    </None>
    <None Include="res\im\column_btn_bottom_disable.bmp">
      <Filter>资源文件</Filter>
    </None>
    <None Include="res\im\column_btn_bottom_hot.bmp">
      <Filter>资源文件</Filter>
    </None>
    <None Include="res\im\column_btn_mid.bmp">
      <Filter>资源文件</Filter>
    </None>
    <None Include="res\im\column_btn_mid_hot.bmp">
      <Filter>资源文件</Filter>
    </None>
    <None Include="res\im\column_btn_top.bmp">
      <Filter>资源文件</Filter>
    </None>
    <None Include="res\im\combo_right.bmp">
      <Filter>资源文件</Filter>
    </None>
    <None Include="res\im\dlg_caption_bar.bmp">
      <Filter>资源文件</Filter>
    </None>
    <None Include="res\im\dlg_caption_left.bmp">
      <Filter>资源文件</Filter>
    </None>
    <None Include="res\im\dlg_caption_mid.bmp">
      <Filter>资源文件</Filter>
    </None>
    <None Include="res\im\dlg_caption_right.bmp">
      <Filter>资源文件</Filter>
    </None>
    <None Include="res\im\help_down.bmp">
      <Filter>资源文件</Filter>
    </None>
    <None Include="res\im\help_hot.bmp">
      <Filter>资源文件</Filter>
    </None>
    <None Include="res\im\help_normal.bmp">
      <Filter>资源文件</Filter>
    </None>
    <None Include="res\HmgSkin.rc2">
      <Filter>资源文件</Filter>
    </None>
    <None Include="res\idr_main.ico">
      <Filter>资源文件</Filter>
    </None>
    <None Include="res\im\im_btn_d.bmp">
      <Filter>资源文件</Filter>
    </None>
    <None Include="res\im\im_btn_h.bmp">
      <Filter>资源文件</Filter>
    </None>
    <None Include="res\im\im_btn_n.bmp">
      <Filter>资源文件</Filter>
    </None>
    <None Include="res\im\im_clust.bmp">
      <Filter>资源文件</Filter>
    </None>
    <None Include="res\im\im_cluster.bmp">
      <Filter>资源文件</Filter>
    </None>
    <None Include="res\im\im_combo.bmp">
      <Filter>资源文件</Filter>
    </None>
    <None Include="res\im\left_btn_arrow.bmp">
      <Filter>资源文件</Filter>
    </None>
    <None Include="res\im\max_down.bmp">
      <Filter>资源文件</Filter>
    </None>
    <None Include="res\im\max_hot.bmp">
      <Filter>资源文件</Filter>
    </None>
    <None Include="res\im\max_normal.bmp">
      <Filter>资源文件</Filter>
    </None>
    <None Include="res\im\min_down.bmp">
      <Filter>资源文件</Filter>
    </None>
    <None Include="res\im\min_hot.bmp">
      <Filter>资源文件</Filter>
    </None>
    <None Include="res\im\min_normal.bmp">
      <Filter>资源文件</Filter>
    </None>
    <None Include="res\im\right_btn_arrow.bmp">
      <Filter>资源文件</Filter>
    </None>
    <None Include="res\im\scrollbar.BMP">
      <Filter>资源文件</Filter>
    </None>
    <None Include="res\im\silder_thum_down.bmp">
      <Filter>资源文件</Filter>
    </None>
    <None Include="res\im\slider_thum_hot.bmp">
      <Filter>资源文件</Filter>
    </None>
    <None Include="res\im\slider_thum_normal.bmp">
      <Filter>资源文件</Filter>
    </None>
    <None Include="res\im\上下移动-亮.bmp">
      <Filter>资源文件</Filter>
    </None>
    <None Include="res\im\上下移动-暗.bmp">
      <Filter>资源文件</Filter>
    </None>
    <None Include="res\im\还原_down副本.bmp">
      <Filter>资源文件</Filter>
    </None>
    <None Include="res\im\还原_hot副本.bmp">
      <Filter>资源文件</Filter>
    </None>
    <None Include="res\im\还原_normal副本.bmp">
      <Filter>资源文件</Filter>
    </None>
    <None Include="ReadMe.txt" />
    <None Include="res\切片(滚动条).bmp">
      <Filter>资源文件</Filter>
    </None>
  </ItemGroup>
  <ItemGroup>
    <ClInclude Include="coolscroll.h">
      <Filter>头文件</Filter>
    </ClInclude>
    <ClInclude Include="Detours.h">
      <Filter>头文件</Filter>
    </ClInclude>
    <ClInclude Include="FlatDateTimeCtrl.h">
      <Filter>头文件</Filter>
    </ClInclude>
    <ClInclude Include="FlatEdit.h">
      <Filter>头文件</Filter>
    </ClInclude>
    <ClInclude Include="GraphComboBox.h">
      <Filter>头文件</Filter>
    </ClInclude>
    <ClInclude Include="HmgSkinPublic.h">
      <Filter>头文件</Filter>
    </ClInclude>
    <ClInclude Include="HyperBtn.h">
      <Filter>头文件</Filter>
    </ClInclude>
    <ClInclude Include="MenuEx.h">
      <Filter>头文件</Filter>
    </ClInclude>
    <ClInclude Include="PictureEx.h">
      <Filter>头文件</Filter>
    </ClInclude>
    <ClInclude Include="Resource.h">
      <Filter>头文件</Filter>
    </ClInclude>
    <ClInclude Include="SkinBitmap.h">
      <Filter>头文件</Filter>
    </ClInclude>
    <ClInclude Include="SplitterControl.h">
      <Filter>头文件</Filter>
    </ClInclude>
    <ClInclude Include="stdafx.h">
      <Filter>头文件</Filter>
    </ClInclude>
    <ClInclude Include="XButton.h">
      <Filter>头文件</Filter>
    </ClInclude>
    <ClInclude Include="XHeaderCtrl.h">
      <Filter>头文件</Filter>
    </ClInclude>
    <ClInclude Include="XListCtrl.h">
      <Filter>头文件</Filter>
    </ClInclude>
    <ClInclude Include="XSkinDlg.h">
      <Filter>头文件</Filter>
    </ClInclude>
    <ClInclude Include="XSliderCtrl.h">
      <Filter>头文件</Filter>
    </ClInclude>
    <ClInclude Include="ColumnCtrl.h">
      <Filter>头文件</Filter>
    </ClInclude>
    <ClInclude Include="MenuCtrl.h">
      <Filter>头文件</Filter>
    </ClInclude>
    <ClInclude Include="ButtonEx.h">
      <Filter>头文件</Filter>
    </ClInclude>
    <ClInclude Include="MemDC.h">
      <Filter>头文件</Filter>
    </ClInclude>
    <ClInclude Include="ScrollBarEx.h">
      <Filter>头文件</Filter>
    </ClInclude>
    <ClInclude Include="FlatPopupMenu.h">
      <Filter>头文件</Filter>
    </ClInclude>
    <ClInclude Include="CloseTabCtrl.h">
      <Filter>头文件</Filter>
    </ClInclude>
    <ClInclude Include="TabBtnCtrl.h">
      <Filter>头文件</Filter>
    </ClInclude>
    <ClInclude Include="RadioButton.h">
      <Filter>头文件</Filter>
    </ClInclude>
    <ClInclude Include="CheckButton.h">
      <Filter>头文件</Filter>
    </ClInclude>
    <ClInclude Include="FlatHotKeyCtrl.h">
      <Filter>头文件</Filter>
    </ClInclude>
  </ItemGroup>
  <ItemGroup>
    <ResourceCompile Include="HmgSkin.rc">
      <Filter>资源文件</Filter>
    </ResourceCompile>
  </ItemGroup>
  <ItemGroup>
    <Library Include="Coolsb.lib" />
    <Library Include="CoolSBD.lib" />
    <Library Include="Detours.lib" />
  </ItemGroup>
</Project>